
Microsoft Visual Studio Solution File, Format Version 12.00
# Visual Studio Version 17
VisualStudioVersion = 17.11.35327.3
MinimumVisualStudioVersion = 10.0.40219.1
Project("{9A19103F-16F7-4668-BE54-9A1E7A4F7556}") = "TMAWebAPI", "TMAWebAPI.csproj", "{5030025A-E423-4F74-A4E3-D327EA9D7206}"
EndProject
Project("{FAE04EC0-301F-11D3-BF4B-00C04F79EFBC}") = "TMA-MVC", "..\TMA-MVC\TMA-MVC.csproj", "{86801813-CC0D-4E34-8659-5E3298702849}"
EndProject
Global
	GlobalSection(SolutionConfigurationPlatforms) = preSolution
		Debug|Any CPU = Debug|Any CPU
		Release|Any CPU = Release|Any CPU
	EndGlobalSection
	GlobalSection(ProjectConfigurationPlatforms) = postSolution
		{5030025A-E423-4F74-A4E3-D327EA9D7206}.Debug|Any CPU.ActiveCfg = Debug|Any CPU
		{5030025A-E423-4F74-A4E3-D327EA9D7206}.Debug|Any CPU.Build.0 = Debug|Any CPU
		{5030025A-E423-4F74-A4E3-D327EA9D7206}.Release|Any CPU.ActiveCfg = Release|Any CPU
		{5030025A-E423-4F74-A4E3-D327EA9D7206}.Release|Any CPU.Build.0 = Release|Any CPU
		{86801813-CC0D-4E34-8659-5E3298702849}.Debug|Any CPU.ActiveCfg = Debug|Any CPU
		{86801813-CC0D-4E34-8659-5E3298702849}.Debug|Any CPU.Build.0 = Debug|Any CPU
		{86801813-CC0D-4E34-8659-5E3298702849}.Release|Any CPU.ActiveCfg = Release|Any CPU
		{86801813-CC0D-4E34-8659-5E3298702849}.Release|Any CPU.Build.0 = Release|Any CPU
	EndGlobalSection
	GlobalSection(SolutionProperties) = preSolution
		HideSolutionNode = FALSE
	EndGlobalSection
	GlobalSection(ExtensibilityGlobals) = postSolution
		SolutionGuid = {EB54439C-3DFE-475B-911E-285C16D0861A}
	EndGlobalSection
EndGlobal
